
Microsoft Visual Studio Solution File, Format Version 12.00
# Visual Studio Version 17
VisualStudioVersion = 17.9.34701.34
MinimumVisualStudioVersion = 10.0.40219.1
Project("{9A19103F-16F7-4668-BE54-9A1E7A4F7556}") = "Server", "Server\Server.csproj", "{ED3DD95B-169D-46F7-B2AE-B2CCF9F140C4}"
EndProject
Project("{FAE04EC0-301F-11D3-BF4B-00C04F79EFBC}") = "Client1", "Client1\Client1.csproj", "{4461A580-A301-477B-8F10-44F85918EC17}"
EndProject
Project("{FAE04EC0-301F-11D3-BF4B-00C04F79EFBC}") = "Client2", "Client2\Client2.csproj", "{CD744116-C5ED-43BC-99DA-A38C36BECE60}"
EndProject
Global
	GlobalSection(SolutionConfigurationPlatforms) = preSolution
		Debug|Any CPU = Debug|Any CPU
		Release|Any CPU = Release|Any CPU
	EndGlobalSection
	GlobalSection(ProjectConfigurationPlatforms) = postSolution
		{ED3DD95B-169D-46F7-B2AE-B2CCF9F140C4}.Debug|Any CPU.ActiveCfg = Debug|Any CPU
		{ED3DD95B-169D-46F7-B2AE-B2CCF9F140C4}.Debug|Any CPU.Build.0 = Debug|Any CPU
		{ED3DD95B-169D-46F7-B2AE-B2CCF9F140C4}.Release|Any CPU.ActiveCfg = Release|Any CPU
		{ED3DD95B-169D-46F7-B2AE-B2CCF9F140C4}.Release|Any CPU.Build.0 = Release|Any CPU
		{4461A580-A301-477B-8F10-44F85918EC17}.Debug|Any CPU.ActiveCfg = Debug|Any CPU
		{4461A580-A301-477B-8F10-44F85918EC17}.Debug|Any CPU.Build.0 = Debug|Any CPU
		{4461A580-A301-477B-8F10-44F85918EC17}.Release|Any CPU.ActiveCfg = Release|Any CPU
		{4461A580-A301-477B-8F10-44F85918EC17}.Release|Any CPU.Build.0 = Release|Any CPU
		{CD744116-C5ED-43BC-99DA-A38C36BECE60}.Debug|Any CPU.ActiveCfg = Debug|Any CPU
		{CD744116-C5ED-43BC-99DA-A38C36BECE60}.Debug|Any CPU.Build.0 = Debug|Any CPU
		{CD744116-C5ED-43BC-99DA-A38C36BECE60}.Release|Any CPU.ActiveCfg = Release|Any CPU
		{CD744116-C5ED-43BC-99DA-A38C36BECE60}.Release|Any CPU.Build.0 = Release|Any CPU
	EndGlobalSection
	GlobalSection(SolutionProperties) = preSolution
		HideSolutionNode = FALSE
	EndGlobalSection
	GlobalSection(ExtensibilityGlobals) = postSolution
		SolutionGuid = {8FAD5032-EEED-47A1-B713-33811C2D0A08}
	EndGlobalSection
EndGlobal
